
Microsoft Visual Studio Solution File, Format Version 12.00
# Visual Studio 15
VisualStudioVersion = 15.0.26730.10
MinimumVisualStudioVersion = 10.0.40219.1
Project("{FAE04EC0-301F-11D3-BF4B-00C04F79EFBC}") = "CreditCardGatewayService", "CreditCardGatewayService\CreditCardGatewayService.csproj", "{B68A46DB-22ED-4E6E-985C-6BD673ABF63E}"
EndProject
Project("{2150E333-8FDC-42A3-9474-1A3956D46DE8}") = "Service", "Service", "{52E1DE88-49EC-42BF-B069-1034CB4B8BB4}"
EndProject
Project("{2150E333-8FDC-42A3-9474-1A3956D46DE8}") = "Mobile", "Mobile", "{8C90BF05-2712-4482-8F47-2E3CA3D29BEF}"
EndProject
Project("{2150E333-8FDC-42A3-9474-1A3956D46DE8}") = "Forms", "Forms", "{66505809-1834-4588-891D-BA8ADA03BAD1}"
EndProject
Project("{2150E333-8FDC-42A3-9474-1A3956D46DE8}") = "Native", "Native", "{4A2C5AD4-AB80-4411-83DF-DFDAF7721B9C}"
EndProject
Project("{FAE04EC0-301F-11D3-BF4B-00C04F79EFBC}") = "CreditCardForms.Android", "CreditCardForms\CreditCardForms.Android\CreditCardForms.Android.csproj", "{865B2939-02C6-479F-AC45-F8C95C74732F}"
EndProject
Project("{FAE04EC0-301F-11D3-BF4B-00C04F79EFBC}") = "CreditCardForms", "CreditCardForms\CreditCardForms\CreditCardForms.csproj", "{062BEF32-5314-4D74-9709-353AC0EA5B63}"
EndProject
Project("{FAE04EC0-301F-11D3-BF4B-00C04F79EFBC}") = "CreditCardForms.iOS", "CreditCardForms\CreditCardForms.iOS\CreditCardForms.iOS.csproj", "{2A74CBFE-50EA-4E07-ADF0-B78BE9C4314A}"
EndProject
Project("{FAE04EC0-301F-11D3-BF4B-00C04F79EFBC}") = "CreditCardNative.Android", "CreditCardNative\CreditCardNative.Android\CreditCardNative.Android.csproj", "{DF8ABA03-35B0-49F8-8802-003F0E6E8288}"
EndProject
Project("{FAE04EC0-301F-11D3-BF4B-00C04F79EFBC}") = "CreditCardNative.iOS", "CreditCardNative\CreditCardNative.iOS\CreditCardNative.iOS.csproj", "{B8C7D8C3-5B41-4618-89A3-3C7F81996119}"
EndProject
Project("{FAE04EC0-301F-11D3-BF4B-00C04F79EFBC}") = "CreditCardNative", "CreditCardNative\CreditCardNative\CreditCardNative.csproj", "{6C10E9F1-24AD-4702-9F84-8F98103B9889}"
EndProject
Global
	GlobalSection(SolutionConfigurationPlatforms) = preSolution
		Ad-Hoc|Any CPU = Ad-Hoc|Any CPU
		Ad-Hoc|ARM = Ad-Hoc|ARM
		Ad-Hoc|iPhone = Ad-Hoc|iPhone
		Ad-Hoc|iPhoneSimulator = Ad-Hoc|iPhoneSimulator
		Ad-Hoc|x64 = Ad-Hoc|x64
		Ad-Hoc|x86 = Ad-Hoc|x86
		AppStore|Any CPU = AppStore|Any CPU
		AppStore|ARM = AppStore|ARM
		AppStore|iPhone = AppStore|iPhone
		AppStore|iPhoneSimulator = AppStore|iPhoneSimulator
		AppStore|x64 = AppStore|x64
		AppStore|x86 = AppStore|x86
		Debug|Any CPU = Debug|Any CPU
		Debug|ARM = Debug|ARM
		Debug|iPhone = Debug|iPhone
		Debug|iPhoneSimulator = Debug|iPhoneSimulator
		Debug|x64 = Debug|x64
		Debug|x86 = Debug|x86
		Release|Any CPU = Release|Any CPU
		Release|ARM = Release|ARM
		Release|iPhone = Release|iPhone
		Release|iPhoneSimulator = Release|iPhoneSimulator
		Release|x64 = Release|x64
		Release|x86 = Release|x86
	EndGlobalSection
	GlobalSection(ProjectConfigurationPlatforms) = postSolution
		{B68A46DB-22ED-4E6E-985C-6BD673ABF63E}.Ad-Hoc|Any CPU.ActiveCfg = Release|Any CPU
		{B68A46DB-22ED-4E6E-985C-6BD673ABF63E}.Ad-Hoc|Any CPU.Build.0 = Release|Any CPU
		{B68A46DB-22ED-4E6E-985C-6BD673ABF63E}.Ad-Hoc|ARM.ActiveCfg = Release|Any CPU
		{B68A46DB-22ED-4E6E-985C-6BD673ABF63E}.Ad-Hoc|ARM.Build.0 = Release|Any CPU
		{B68A46DB-22ED-4E6E-985C-6BD673ABF63E}.Ad-Hoc|iPhone.ActiveCfg = Release|Any CPU
		{B68A46DB-22ED-4E6E-985C-6BD673ABF63E}.Ad-Hoc|iPhone.Build.0 = Release|Any CPU
		{B68A46DB-22ED-4E6E-985C-6BD673ABF63E}.Ad-Hoc|iPhoneSimulator.ActiveCfg = Release|Any CPU
		{B68A46DB-22ED-4E6E-985C-6BD673ABF63E}.Ad-Hoc|iPhoneSimulator.Build.0 = Release|Any CPU
		{B68A46DB-22ED-4E6E-985C-6BD673ABF63E}.Ad-Hoc|x64.ActiveCfg = Release|Any CPU
		{B68A46DB-22ED-4E6E-985C-6BD673ABF63E}.Ad-Hoc|x64.Build.0 = Release|Any CPU
		{B68A46DB-22ED-4E6E-985C-6BD673ABF63E}.Ad-Hoc|x86.ActiveCfg = Release|Any CPU
		{B68A46DB-22ED-4E6E-985C-6BD673ABF63E}.Ad-Hoc|x86.Build.0 = Release|Any CPU
		{B68A46DB-22ED-4E6E-985C-6BD673ABF63E}.AppStore|Any CPU.ActiveCfg = Release|Any CPU
		{B68A46DB-22ED-4E6E-985C-6BD673ABF63E}.AppStore|Any CPU.Build.0 = Release|Any CPU
		{B68A46DB-22ED-4E6E-985C-6BD673ABF63E}.AppStore|ARM.ActiveCfg = Release|Any CPU
		{B68A46DB-22ED-4E6E-985C-6BD673ABF63E}.AppStore|ARM.Build.0 = Release|Any CPU
		{B68A46DB-22ED-4E6E-985C-6BD673ABF63E}.AppStore|iPhone.ActiveCfg = Release|Any CPU
		{B68A46DB-22ED-4E6E-985C-6BD673ABF63E}.AppStore|iPhone.Build.0 = Release|Any CPU
		{B68A46DB-22ED-4E6E-985C-6BD673ABF63E}.AppStore|iPhoneSimulator.ActiveCfg = Release|Any CPU
		{B68A46DB-22ED-4E6E-985C-6BD673ABF63E}.AppStore|iPhoneSimulator.Build.0 = Release|Any CPU
		{B68A46DB-22ED-4E6E-985C-6BD673ABF63E}.AppStore|x64.ActiveCfg = Release|Any CPU
		{B68A46DB-22ED-4E6E-985C-6BD673ABF63E}.AppStore|x64.Build.0 = Release|Any CPU
		{B68A46DB-22ED-4E6E-985C-6BD673ABF63E}.AppStore|x86.ActiveCfg = Release|Any CPU
		{B68A46DB-22ED-4E6E-985C-6BD673ABF63E}.AppStore|x86.Build.0 = Release|Any CPU
		{B68A46DB-22ED-4E6E-985C-6BD673ABF63E}.Debug|Any CPU.ActiveCfg = Debug|Any CPU
		{B68A46DB-22ED-4E6E-985C-6BD673ABF63E}.Debug|Any CPU.Build.0 = Debug|Any CPU
		{B68A46DB-22ED-4E6E-985C-6BD673ABF63E}.Debug|ARM.ActiveCfg = Debug|Any CPU
		{B68A46DB-22ED-4E6E-985C-6BD673ABF63E}.Debug|ARM.Build.0 = Debug|Any CPU
		{B68A46DB-22ED-4E6E-985C-6BD673ABF63E}.Debug|iPhone.ActiveCfg = Debug|Any CPU
		{B68A46DB-22ED-4E6E-985C-6BD673ABF63E}.Debug|iPhone.Build.0 = Debug|Any CPU
		{B68A46DB-22ED-4E6E-985C-6BD673ABF63E}.Debug|iPhoneSimulator.ActiveCfg = Debug|Any CPU
		{B68A46DB-22ED-4E6E-985C-6BD673ABF63E}.Debug|iPhoneSimulator.Build.0 = Debug|Any CPU
		{B68A46DB-22ED-4E6E-985C-6BD673ABF63E}.Debug|x64.ActiveCfg = Debug|Any CPU
		{B68A46DB-22ED-4E6E-985C-6BD673ABF63E}.Debug|x64.Build.0 = Debug|Any CPU
		{B68A46DB-22ED-4E6E-985C-6BD673ABF63E}.Debug|x86.ActiveCfg = Debug|Any CPU
		{B68A46DB-22ED-4E6E-985C-6BD673ABF63E}.Debug|x86.Build.0 = Debug|Any CPU
		{B68A46DB-22ED-4E6E-985C-6BD673ABF63E}.Release|Any CPU.ActiveCfg = Release|Any CPU
		{B68A46DB-22ED-4E6E-985C-6BD673ABF63E}.Release|Any CPU.Build.0 = Release|Any CPU
		{B68A46DB-22ED-4E6E-985C-6BD673ABF63E}.Release|ARM.ActiveCfg = Release|Any CPU
		{B68A46DB-22ED-4E6E-985C-6BD673ABF63E}.Release|ARM.Build.0 = Release|Any CPU
		{B68A46DB-22ED-4E6E-985C-6BD673ABF63E}.Release|iPhone.ActiveCfg = Release|Any CPU
		{B68A46DB-22ED-4E6E-985C-6BD673ABF63E}.Release|iPhone.Build.0 = Release|Any CPU
		{B68A46DB-22ED-4E6E-985C-6BD673ABF63E}.Release|iPhoneSimulator.ActiveCfg = Release|Any CPU
		{B68A46DB-22ED-4E6E-985C-6BD673ABF63E}.Release|iPhoneSimulator.Build.0 = Release|Any CPU
		{B68A46DB-22ED-4E6E-985C-6BD673ABF63E}.Release|x64.ActiveCfg = Release|Any CPU
		{B68A46DB-22ED-4E6E-985C-6BD673ABF63E}.Release|x64.Build.0 = Release|Any CPU
		{B68A46DB-22ED-4E6E-985C-6BD673ABF63E}.Release|x86.ActiveCfg = Release|Any CPU
		{B68A46DB-22ED-4E6E-985C-6BD673ABF63E}.Release|x86.Build.0 = Release|Any CPU
		{865B2939-02C6-479F-AC45-F8C95C74732F}.Ad-Hoc|Any CPU.ActiveCfg = Release|Any CPU
		{865B2939-02C6-479F-AC45-F8C95C74732F}.Ad-Hoc|Any CPU.Build.0 = Release|Any CPU
		{865B2939-02C6-479F-AC45-F8C95C74732F}.Ad-Hoc|Any CPU.Deploy.0 = Release|Any CPU
		{865B2939-02C6-479F-AC45-F8C95C74732F}.Ad-Hoc|ARM.ActiveCfg = Release|Any CPU
		{865B2939-02C6-479F-AC45-F8C95C74732F}.Ad-Hoc|ARM.Build.0 = Release|Any CPU
		{865B2939-02C6-479F-AC45-F8C95C74732F}.Ad-Hoc|ARM.Deploy.0 = Release|Any CPU
		{865B2939-02C6-479F-AC45-F8C95C74732F}.Ad-Hoc|iPhone.ActiveCfg = Release|Any CPU
		{865B2939-02C6-479F-AC45-F8C95C74732F}.Ad-Hoc|iPhone.Build.0 = Release|Any CPU
		{865B2939-02C6-479F-AC45-F8C95C74732F}.Ad-Hoc|iPhone.Deploy.0 = Release|Any CPU
		{865B2939-02C6-479F-AC45-F8C95C74732F}.Ad-Hoc|iPhoneSimulator.ActiveCfg = Release|Any CPU
		{865B2939-02C6-479F-AC45-F8C95C74732F}.Ad-Hoc|iPhoneSimulator.Build.0 = Release|Any CPU
		{865B2939-02C6-479F-AC45-F8C95C74732F}.Ad-Hoc|iPhoneSimulator.Deploy.0 = Release|Any CPU
		{865B2939-02C6-479F-AC45-F8C95C74732F}.Ad-Hoc|x64.ActiveCfg = Release|Any CPU
		{865B2939-02C6-479F-AC45-F8C95C74732F}.Ad-Hoc|x64.Build.0 = Release|Any CPU
		{865B2939-02C6-479F-AC45-F8C95C74732F}.Ad-Hoc|x64.Deploy.0 = Release|Any CPU
		{865B2939-02C6-479F-AC45-F8C95C74732F}.Ad-Hoc|x86.ActiveCfg = Release|Any CPU
		{865B2939-02C6-479F-AC45-F8C95C74732F}.Ad-Hoc|x86.Build.0 = Release|Any CPU
		{865B2939-02C6-479F-AC45-F8C95C74732F}.Ad-Hoc|x86.Deploy.0 = Release|Any CPU
		{865B2939-02C6-479F-AC45-F8C95C74732F}.AppStore|Any CPU.ActiveCfg = Release|Any CPU
		{865B2939-02C6-479F-AC45-F8C95C74732F}.AppStore|Any CPU.Build.0 = Release|Any CPU
		{865B2939-02C6-479F-AC45-F8C95C74732F}.AppStore|Any CPU.Deploy.0 = Release|Any CPU
		{865B2939-02C6-479F-AC45-F8C95C74732F}.AppStore|ARM.ActiveCfg = Release|Any CPU
		{865B2939-02C6-479F-AC45-F8C95C74732F}.AppStore|ARM.Build.0 = Release|Any CPU
		{865B2939-02C6-479F-AC45-F8C95C74732F}.AppStore|ARM.Deploy.0 = Release|Any CPU
		{865B2939-02C6-479F-AC45-F8C95C74732F}.AppStore|iPhone.ActiveCfg = Release|Any CPU
		{865B2939-02C6-479F-AC45-F8C95C74732F}.AppStore|iPhone.Build.0 = Release|Any CPU
		{865B2939-02C6-479F-AC45-F8C95C74732F}.AppStore|iPhone.Deploy.0 = Release|Any CPU
		{865B2939-02C6-479F-AC45-F8C95C74732F}.AppStore|iPhoneSimulator.ActiveCfg = Release|Any CPU
		{865B2939-02C6-479F-AC45-F8C95C74732F}.AppStore|iPhoneSimulator.Build.0 = Release|Any CPU
		{865B2939-02C6-479F-AC45-F8C95C74732F}.AppStore|iPhoneSimulator.Deploy.0 = Release|Any CPU
		{865B2939-02C6-479F-AC45-F8C95C74732F}.AppStore|x64.ActiveCfg = Release|Any CPU
		{865B2939-02C6-479F-AC45-F8C95C74732F}.AppStore|x64.Build.0 = Release|Any CPU
		{865B2939-02C6-479F-AC45-F8C95C74732F}.AppStore|x64.Deploy.0 = Release|Any CPU
		{865B2939-02C6-479F-AC45-F8C95C74732F}.AppStore|x86.ActiveCfg = Release|Any CPU
		{865B2939-02C6-479F-AC45-F8C95C74732F}.AppStore|x86.Build.0 = Release|Any CPU
		{865B2939-02C6-479F-AC45-F8C95C74732F}.AppStore|x86.Deploy.0 = Release|Any CPU
		{865B2939-02C6-479F-AC45-F8C95C74732F}.Debug|Any CPU.ActiveCfg = Debug|Any CPU
		{865B2939-02C6-479F-AC45-F8C95C74732F}.Debug|Any CPU.Build.0 = Debug|Any CPU
		{865B2939-02C6-479F-AC45-F8C95C74732F}.Debug|Any CPU.Deploy.0 = Debug|Any CPU
		{865B2939-02C6-479F-AC45-F8C95C74732F}.Debug|ARM.ActiveCfg = Debug|Any CPU
		{865B2939-02C6-479F-AC45-F8C95C74732F}.Debug|ARM.Build.0 = Debug|Any CPU
		{865B2939-02C6-479F-AC45-F8C95C74732F}.Debug|ARM.Deploy.0 = Debug|Any CPU
		{865B2939-02C6-479F-AC45-F8C95C74732F}.Debug|iPhone.ActiveCfg = Debug|Any CPU
		{865B2939-02C6-479F-AC45-F8C95C74732F}.Debug|iPhone.Build.0 = Debug|Any CPU
		{865B2939-02C6-479F-AC45-F8C95C74732F}.Debug|iPhone.Deploy.0 = Debug|Any CPU
		{865B2939-02C6-479F-AC45-F8C95C74732F}.Debug|iPhoneSimulator.ActiveCfg = Debug|Any CPU
		{865B2939-02C6-479F-AC45-F8C95C74732F}.Debug|iPhoneSimulator.Build.0 = Debug|Any CPU
		{865B2939-02C6-479F-AC45-F8C95C74732F}.Debug|iPhoneSimulator.Deploy.0 = Debug|Any CPU
		{865B2939-02C6-479F-AC45-F8C95C74732F}.Debug|x64.ActiveCfg = Debug|Any CPU
		{865B2939-02C6-479F-AC45-F8C95C74732F}.Debug|x64.Build.0 = Debug|Any CPU
		{865B2939-02C6-479F-AC45-F8C95C74732F}.Debug|x64.Deploy.0 = Debug|Any CPU
		{865B2939-02C6-479F-AC45-F8C95C74732F}.Debug|x86.ActiveCfg = Debug|Any CPU
		{865B2939-02C6-479F-AC45-F8C95C74732F}.Debug|x86.Build.0 = Debug|Any CPU
		{865B2939-02C6-479F-AC45-F8C95C74732F}.Debug|x86.Deploy.0 = Debug|Any CPU
		{865B2939-02C6-479F-AC45-F8C95C74732F}.Release|Any CPU.ActiveCfg = Release|Any CPU
		{865B2939-02C6-479F-AC45-F8C95C74732F}.Release|Any CPU.Build.0 = Release|Any CPU
		{865B2939-02C6-479F-AC45-F8C95C74732F}.Release|Any CPU.Deploy.0 = Release|Any CPU
		{865B2939-02C6-479F-AC45-F8C95C74732F}.Release|ARM.ActiveCfg = Release|Any CPU
		{865B2939-02C6-479F-AC45-F8C95C74732F}.Release|ARM.Build.0 = Release|Any CPU
		{865B2939-02C6-479F-AC45-F8C95C74732F}.Release|ARM.Deploy.0 = Release|Any CPU
		{865B2939-02C6-479F-AC45-F8C95C74732F}.Release|iPhone.ActiveCfg = Release|Any CPU
		{865B2939-02C6-479F-AC45-F8C95C74732F}.Release|iPhone.Build.0 = Release|Any CPU
		{865B2939-02C6-479F-AC45-F8C95C74732F}.Release|iPhone.Deploy.0 = Release|Any CPU
		{865B2939-02C6-479F-AC45-F8C95C74732F}.Release|iPhoneSimulator.ActiveCfg = Release|Any CPU
		{865B2939-02C6-479F-AC45-F8C95C74732F}.Release|iPhoneSimulator.Build.0 = Release|Any CPU
		{865B2939-02C6-479F-AC45-F8C95C74732F}.Release|iPhoneSimulator.Deploy.0 = Release|Any CPU
		{865B2939-02C6-479F-AC45-F8C95C74732F}.Release|x64.ActiveCfg = Release|Any CPU
		{865B2939-02C6-479F-AC45-F8C95C74732F}.Release|x64.Build.0 = Release|Any CPU
		{865B2939-02C6-479F-AC45-F8C95C74732F}.Release|x64.Deploy.0 = Release|Any CPU
		{865B2939-02C6-479F-AC45-F8C95C74732F}.Release|x86.ActiveCfg = Release|Any CPU
		{865B2939-02C6-479F-AC45-F8C95C74732F}.Release|x86.Build.0 = Release|Any CPU
		{865B2939-02C6-479F-AC45-F8C95C74732F}.Release|x86.Deploy.0 = Release|Any CPU
		{062BEF32-5314-4D74-9709-353AC0EA5B63}.Ad-Hoc|Any CPU.ActiveCfg = Release|Any CPU
		{062BEF32-5314-4D74-9709-353AC0EA5B63}.Ad-Hoc|Any CPU.Build.0 = Release|Any CPU
		{062BEF32-5314-4D74-9709-353AC0EA5B63}.Ad-Hoc|ARM.ActiveCfg = Release|Any CPU
		{062BEF32-5314-4D74-9709-353AC0EA5B63}.Ad-Hoc|ARM.Build.0 = Release|Any CPU
		{062BEF32-5314-4D74-9709-353AC0EA5B63}.Ad-Hoc|iPhone.ActiveCfg = Release|Any CPU
		{062BEF32-5314-4D74-9709-353AC0EA5B63}.Ad-Hoc|iPhone.Build.0 = Release|Any CPU
		{062BEF32-5314-4D74-9709-353AC0EA5B63}.Ad-Hoc|iPhoneSimulator.ActiveCfg = Release|Any CPU
		{062BEF32-5314-4D74-9709-353AC0EA5B63}.Ad-Hoc|iPhoneSimulator.Build.0 = Release|Any CPU
		{062BEF32-5314-4D74-9709-353AC0EA5B63}.Ad-Hoc|x64.ActiveCfg = Release|Any CPU
		{062BEF32-5314-4D74-9709-353AC0EA5B63}.Ad-Hoc|x64.Build.0 = Release|Any CPU
		{062BEF32-5314-4D74-9709-353AC0EA5B63}.Ad-Hoc|x86.ActiveCfg = Release|Any CPU
		{062BEF32-5314-4D74-9709-353AC0EA5B63}.Ad-Hoc|x86.Build.0 = Release|Any CPU
		{062BEF32-5314-4D74-9709-353AC0EA5B63}.AppStore|Any CPU.ActiveCfg = Release|Any CPU
		{062BEF32-5314-4D74-9709-353AC0EA5B63}.AppStore|Any CPU.Build.0 = Release|Any CPU
		{062BEF32-5314-4D74-9709-353AC0EA5B63}.AppStore|ARM.ActiveCfg = Release|Any CPU
		{062BEF32-5314-4D74-9709-353AC0EA5B63}.AppStore|ARM.Build.0 = Release|Any CPU
		{062BEF32-5314-4D74-9709-353AC0EA5B63}.AppStore|iPhone.ActiveCfg = Release|Any CPU
		{062BEF32-5314-4D74-9709-353AC0EA5B63}.AppStore|iPhone.Build.0 = Release|Any CPU
		{062BEF32-5314-4D74-9709-353AC0EA5B63}.AppStore|iPhoneSimulator.ActiveCfg = Release|Any CPU
		{062BEF32-5314-4D74-9709-353AC0EA5B63}.AppStore|iPhoneSimulator.Build.0 = Release|Any CPU
		{062BEF32-5314-4D74-9709-353AC0EA5B63}.AppStore|x64.ActiveCfg = Release|Any CPU
		{062BEF32-5314-4D74-9709-353AC0EA5B63}.AppStore|x64.Build.0 = Release|Any CPU
		{062BEF32-5314-4D74-9709-353AC0EA5B63}.AppStore|x86.ActiveCfg = Release|Any CPU
		{062BEF32-5314-4D74-9709-353AC0EA5B63}.AppStore|x86.Build.0 = Release|Any CPU
		{062BEF32-5314-4D74-9709-353AC0EA5B63}.Debug|Any CPU.ActiveCfg = Debug|Any CPU
		{062BEF32-5314-4D74-9709-353AC0EA5B63}.Debug|Any CPU.Build.0 = Debug|Any CPU
		{062BEF32-5314-4D74-9709-353AC0EA5B63}.Debug|ARM.ActiveCfg = Debug|Any CPU
		{062BEF32-5314-4D74-9709-353AC0EA5B63}.Debug|ARM.Build.0 = Debug|Any CPU
		{062BEF32-5314-4D74-9709-353AC0EA5B63}.Debug|iPhone.ActiveCfg = Debug|Any CPU
		{062BEF32-5314-4D74-9709-353AC0EA5B63}.Debug|iPhone.Build.0 = Debug|Any CPU
		{062BEF32-5314-4D74-9709-353AC0EA5B63}.Debug|iPhoneSimulator.ActiveCfg = Debug|Any CPU
		{062BEF32-5314-4D74-9709-353AC0EA5B63}.Debug|iPhoneSimulator.Build.0 = Debug|Any CPU
		{062BEF32-5314-4D74-9709-353AC0EA5B63}.Debug|x64.ActiveCfg = Debug|Any CPU
		{062BEF32-5314-4D74-9709-353AC0EA5B63}.Debug|x64.Build.0 = Debug|Any CPU
		{062BEF32-5314-4D74-9709-353AC0EA5B63}.Debug|x86.ActiveCfg = Debug|Any CPU
		{062BEF32-5314-4D74-9709-353AC0EA5B63}.Debug|x86.Build.0 = Debug|Any CPU
		{062BEF32-5314-4D74-9709-353AC0EA5B63}.Release|Any CPU.ActiveCfg = Release|Any CPU
		{062BEF32-5314-4D74-9709-353AC0EA5B63}.Release|Any CPU.Build.0 = Release|Any CPU
		{062BEF32-5314-4D74-9709-353AC0EA5B63}.Release|ARM.ActiveCfg = Release|Any CPU
		{062BEF32-5314-4D74-9709-353AC0EA5B63}.Release|ARM.Build.0 = Release|Any CPU
		{062BEF32-5314-4D74-9709-353AC0EA5B63}.Release|iPhone.ActiveCfg = Release|Any CPU
		{062BEF32-5314-4D74-9709-353AC0EA5B63}.Release|iPhone.Build.0 = Release|Any CPU
		{062BEF32-5314-4D74-9709-353AC0EA5B63}.Release|iPhoneSimulator.ActiveCfg = Release|Any CPU
		{062BEF32-5314-4D74-9709-353AC0EA5B63}.Release|iPhoneSimulator.Build.0 = Release|Any CPU
		{062BEF32-5314-4D74-9709-353AC0EA5B63}.Release|x64.ActiveCfg = Release|Any CPU
		{062BEF32-5314-4D74-9709-353AC0EA5B63}.Release|x64.Build.0 = Release|Any CPU
		{062BEF32-5314-4D74-9709-353AC0EA5B63}.Release|x86.ActiveCfg = Release|Any CPU
		{062BEF32-5314-4D74-9709-353AC0EA5B63}.Release|x86.Build.0 = Release|Any CPU
		{2A74CBFE-50EA-4E07-ADF0-B78BE9C4314A}.Ad-Hoc|Any CPU.ActiveCfg = Ad-Hoc|iPhone
		{2A74CBFE-50EA-4E07-ADF0-B78BE9C4314A}.Ad-Hoc|ARM.ActiveCfg = Ad-Hoc|iPhone
		{2A74CBFE-50EA-4E07-ADF0-B78BE9C4314A}.Ad-Hoc|iPhone.ActiveCfg = Ad-Hoc|iPhone
		{2A74CBFE-50EA-4E07-ADF0-B78BE9C4314A}.Ad-Hoc|iPhone.Build.0 = Ad-Hoc|iPhone
		{2A74CBFE-50EA-4E07-ADF0-B78BE9C4314A}.Ad-Hoc|iPhoneSimulator.ActiveCfg = Ad-Hoc|iPhoneSimulator
		{2A74CBFE-50EA-4E07-ADF0-B78BE9C4314A}.Ad-Hoc|iPhoneSimulator.Build.0 = Ad-Hoc|iPhoneSimulator
		{2A74CBFE-50EA-4E07-ADF0-B78BE9C4314A}.Ad-Hoc|x64.ActiveCfg = Ad-Hoc|iPhone
		{2A74CBFE-50EA-4E07-ADF0-B78BE9C4314A}.Ad-Hoc|x86.ActiveCfg = Ad-Hoc|iPhone
		{2A74CBFE-50EA-4E07-ADF0-B78BE9C4314A}.AppStore|Any CPU.ActiveCfg = AppStore|iPhone
		{2A74CBFE-50EA-4E07-ADF0-B78BE9C4314A}.AppStore|ARM.ActiveCfg = AppStore|iPhone
		{2A74CBFE-50EA-4E07-ADF0-B78BE9C4314A}.AppStore|iPhone.ActiveCfg = AppStore|iPhone
		{2A74CBFE-50EA-4E07-ADF0-B78BE9C4314A}.AppStore|iPhone.Build.0 = AppStore|iPhone
		{2A74CBFE-50EA-4E07-ADF0-B78BE9C4314A}.AppStore|iPhoneSimulator.ActiveCfg = AppStore|iPhoneSimulator
		{2A74CBFE-50EA-4E07-ADF0-B78BE9C4314A}.AppStore|iPhoneSimulator.Build.0 = AppStore|iPhoneSimulator
		{2A74CBFE-50EA-4E07-ADF0-B78BE9C4314A}.AppStore|x64.ActiveCfg = AppStore|iPhone
		{2A74CBFE-50EA-4E07-ADF0-B78BE9C4314A}.AppStore|x86.ActiveCfg = AppStore|iPhone
		{2A74CBFE-50EA-4E07-ADF0-B78BE9C4314A}.Debug|Any CPU.ActiveCfg = Debug|iPhone
		{2A74CBFE-50EA-4E07-ADF0-B78BE9C4314A}.Debug|ARM.ActiveCfg = Debug|iPhone
		{2A74CBFE-50EA-4E07-ADF0-B78BE9C4314A}.Debug|iPhone.ActiveCfg = Debug|iPhone
		{2A74CBFE-50EA-4E07-ADF0-B78BE9C4314A}.Debug|iPhone.Build.0 = Debug|iPhone
		{2A74CBFE-50EA-4E07-ADF0-B78BE9C4314A}.Debug|iPhoneSimulator.ActiveCfg = Debug|iPhoneSimulator
		{2A74CBFE-50EA-4E07-ADF0-B78BE9C4314A}.Debug|iPhoneSimulator.Build.0 = Debug|iPhoneSimulator
		{2A74CBFE-50EA-4E07-ADF0-B78BE9C4314A}.Debug|x64.ActiveCfg = Debug|iPhone
		{2A74CBFE-50EA-4E07-ADF0-B78BE9C4314A}.Debug|x86.ActiveCfg = Debug|iPhone
		{2A74CBFE-50EA-4E07-ADF0-B78BE9C4314A}.Release|Any CPU.ActiveCfg = Release|iPhone
		{2A74CBFE-50EA-4E07-ADF0-B78BE9C4314A}.Release|ARM.ActiveCfg = Release|iPhone
		{2A74CBFE-50EA-4E07-ADF0-B78BE9C4314A}.Release|iPhone.ActiveCfg = Release|iPhone
		{2A74CBFE-50EA-4E07-ADF0-B78BE9C4314A}.Release|iPhone.Build.0 = Release|iPhone
		{2A74CBFE-50EA-4E07-ADF0-B78BE9C4314A}.Release|iPhoneSimulator.ActiveCfg = Release|iPhoneSimulator
		{2A74CBFE-50EA-4E07-ADF0-B78BE9C4314A}.Release|iPhoneSimulator.Build.0 = Release|iPhoneSimulator
		{2A74CBFE-50EA-4E07-ADF0-B78BE9C4314A}.Release|x64.ActiveCfg = Release|iPhone
		{2A74CBFE-50EA-4E07-ADF0-B78BE9C4314A}.Release|x86.ActiveCfg = Release|iPhone
		{DF8ABA03-35B0-49F8-8802-003F0E6E8288}.Ad-Hoc|Any CPU.ActiveCfg = Release|Any CPU
		{DF8ABA03-35B0-49F8-8802-003F0E6E8288}.Ad-Hoc|Any CPU.Build.0 = Release|Any CPU
		{DF8ABA03-35B0-49F8-8802-003F0E6E8288}.Ad-Hoc|Any CPU.Deploy.0 = Release|Any CPU
		{DF8ABA03-35B0-49F8-8802-003F0E6E8288}.Ad-Hoc|ARM.ActiveCfg = Release|Any CPU
		{DF8ABA03-35B0-49F8-8802-003F0E6E8288}.Ad-Hoc|ARM.Build.0 = Release|Any CPU
		{DF8ABA03-35B0-49F8-8802-003F0E6E8288}.Ad-Hoc|ARM.Deploy.0 = Release|Any CPU
		{DF8ABA03-35B0-49F8-8802-003F0E6E8288}.Ad-Hoc|iPhone.ActiveCfg = Release|Any CPU
		{DF8ABA03-35B0-49F8-8802-003F0E6E8288}.Ad-Hoc|iPhone.Build.0 = Release|Any CPU
		{DF8ABA03-35B0-49F8-8802-003F0E6E8288}.Ad-Hoc|iPhone.Deploy.0 = Release|Any CPU
		{DF8ABA03-35B0-49F8-8802-003F0E6E8288}.Ad-Hoc|iPhoneSimulator.ActiveCfg = Release|Any CPU
		{DF8ABA03-35B0-49F8-8802-003F0E6E8288}.Ad-Hoc|iPhoneSimulator.Build.0 = Release|Any CPU
		{DF8ABA03-35B0-49F8-8802-003F0E6E8288}.Ad-Hoc|iPhoneSimulator.Deploy.0 = Release|Any CPU
		{DF8ABA03-35B0-49F8-8802-003F0E6E8288}.Ad-Hoc|x64.ActiveCfg = Release|Any CPU
		{DF8ABA03-35B0-49F8-8802-003F0E6E8288}.Ad-Hoc|x64.Build.0 = Release|Any CPU
		{DF8ABA03-35B0-49F8-8802-003F0E6E8288}.Ad-Hoc|x64.Deploy.0 = Release|Any CPU
		{DF8ABA03-35B0-49F8-8802-003F0E6E8288}.Ad-Hoc|x86.ActiveCfg = Release|Any CPU
		{DF8ABA03-35B0-49F8-8802-003F0E6E8288}.Ad-Hoc|x86.Build.0 = Release|Any CPU
		{DF8ABA03-35B0-49F8-8802-003F0E6E8288}.Ad-Hoc|x86.Deploy.0 = Release|Any CPU
		{DF8ABA03-35B0-49F8-8802-003F0E6E8288}.AppStore|Any CPU.ActiveCfg = Release|Any CPU
		{DF8ABA03-35B0-49F8-8802-003F0E6E8288}.AppStore|Any CPU.Build.0 = Release|Any CPU
		{DF8ABA03-35B0-49F8-8802-003F0E6E8288}.AppStore|Any CPU.Deploy.0 = Release|Any CPU
		{DF8ABA03-35B0-49F8-8802-003F0E6E8288}.AppStore|ARM.ActiveCfg = Release|Any CPU
		{DF8ABA03-35B0-49F8-8802-003F0E6E8288}.AppStore|ARM.Build.0 = Release|Any CPU
		{DF8ABA03-35B0-49F8-8802-003F0E6E8288}.AppStore|ARM.Deploy.0 = Release|Any CPU
		{DF8ABA03-35B0-49F8-8802-003F0E6E8288}.AppStore|iPhone.ActiveCfg = Release|Any CPU
		{DF8ABA03-35B0-49F8-8802-003F0E6E8288}.AppStore|iPhone.Build.0 = Release|Any CPU
		{DF8ABA03-35B0-49F8-8802-003F0E6E8288}.AppStore|iPhone.Deploy.0 = Release|Any CPU
		{DF8ABA03-35B0-49F8-8802-003F0E6E8288}.AppStore|iPhoneSimulator.ActiveCfg = Release|Any CPU
		{DF8ABA03-35B0-49F8-8802-003F0E6E8288}.AppStore|iPhoneSimulator.Build.0 = Release|Any CPU
		{DF8ABA03-35B0-49F8-8802-003F0E6E8288}.AppStore|iPhoneSimulator.Deploy.0 = Release|Any CPU
		{DF8ABA03-35B0-49F8-8802-003F0E6E8288}.AppStore|x64.ActiveCfg = Release|Any CPU
		{DF8ABA03-35B0-49F8-8802-003F0E6E8288}.AppStore|x64.Build.0 = Release|Any CPU
		{DF8ABA03-35B0-49F8-8802-003F0E6E8288}.AppStore|x64.Deploy.0 = Release|Any CPU
		{DF8ABA03-35B0-49F8-8802-003F0E6E8288}.AppStore|x86.ActiveCfg = Release|Any CPU
		{DF8ABA03-35B0-49F8-8802-003F0E6E8288}.AppStore|x86.Build.0 = Release|Any CPU
		{DF8ABA03-35B0-49F8-8802-003F0E6E8288}.AppStore|x86.Deploy.0 = Release|Any CPU
		{DF8ABA03-35B0-49F8-8802-003F0E6E8288}.Debug|Any CPU.ActiveCfg = Debug|Any CPU
		{DF8ABA03-35B0-49F8-8802-003F0E6E8288}.Debug|Any CPU.Build.0 = Debug|Any CPU
		{DF8ABA03-35B0-49F8-8802-003F0E6E8288}.Debug|Any CPU.Deploy.0 = Debug|Any CPU
		{DF8ABA03-35B0-49F8-8802-003F0E6E8288}.Debug|ARM.ActiveCfg = Debug|Any CPU
		{DF8ABA03-35B0-49F8-8802-003F0E6E8288}.Debug|ARM.Build.0 = Debug|Any CPU
		{DF8ABA03-35B0-49F8-8802-003F0E6E8288}.Debug|ARM.Deploy.0 = Debug|Any CPU
		{DF8ABA03-35B0-49F8-8802-003F0E6E8288}.Debug|iPhone.ActiveCfg = Debug|Any CPU
		{DF8ABA03-35B0-49F8-8802-003F0E6E8288}.Debug|iPhone.Build.0 = Debug|Any CPU
		{DF8ABA03-35B0-49F8-8802-003F0E6E8288}.Debug|iPhone.Deploy.0 = Debug|Any CPU
		{DF8ABA03-35B0-49F8-8802-003F0E6E8288}.Debug|iPhoneSimulator.ActiveCfg = Debug|Any CPU
		{DF8ABA03-35B0-49F8-8802-003F0E6E8288}.Debug|iPhoneSimulator.Build.0 = Debug|Any CPU
		{DF8ABA03-35B0-49F8-8802-003F0E6E8288}.Debug|iPhoneSimulator.Deploy.0 = Debug|Any CPU
		{DF8ABA03-35B0-49F8-8802-003F0E6E8288}.Debug|x64.ActiveCfg = Debug|Any CPU
		{DF8ABA03-35B0-49F8-8802-003F0E6E8288}.Debug|x64.Build.0 = Debug|Any CPU
		{DF8ABA03-35B0-49F8-8802-003F0E6E8288}.Debug|x64.Deploy.0 = Debug|Any CPU
		{DF8ABA03-35B0-49F8-8802-003F0E6E8288}.Debug|x86.ActiveCfg = Debug|Any CPU
		{DF8ABA03-35B0-49F8-8802-003F0E6E8288}.Debug|x86.Build.0 = Debug|Any CPU
		{DF8ABA03-35B0-49F8-8802-003F0E6E8288}.Debug|x86.Deploy.0 = Debug|Any CPU
		{DF8ABA03-35B0-49F8-8802-003F0E6E8288}.Release|Any CPU.ActiveCfg = Release|Any CPU
		{DF8ABA03-35B0-49F8-8802-003F0E6E8288}.Release|Any CPU.Build.0 = Release|Any CPU
		{DF8ABA03-35B0-49F8-8802-003F0E6E8288}.Release|Any CPU.Deploy.0 = Release|Any CPU
		{DF8ABA03-35B0-49F8-8802-003F0E6E8288}.Release|ARM.ActiveCfg = Release|Any CPU
		{DF8ABA03-35B0-49F8-8802-003F0E6E8288}.Release|ARM.Build.0 = Release|Any CPU
		{DF8ABA03-35B0-49F8-8802-003F0E6E8288}.Release|ARM.Deploy.0 = Release|Any CPU
		{DF8ABA03-35B0-49F8-8802-003F0E6E8288}.Release|iPhone.ActiveCfg = Release|Any CPU
		{DF8ABA03-35B0-49F8-8802-003F0E6E8288}.Release|iPhone.Build.0 = Release|Any CPU
		{DF8ABA03-35B0-49F8-8802-003F0E6E8288}.Release|iPhone.Deploy.0 = Release|Any CPU
		{DF8ABA03-35B0-49F8-8802-003F0E6E8288}.Release|iPhoneSimulator.ActiveCfg = Release|Any CPU
		{DF8ABA03-35B0-49F8-8802-003F0E6E8288}.Release|iPhoneSimulator.Build.0 = Release|Any CPU
		{DF8ABA03-35B0-49F8-8802-003F0E6E8288}.Release|iPhoneSimulator.Deploy.0 = Release|Any CPU
		{DF8ABA03-35B0-49F8-8802-003F0E6E8288}.Release|x64.ActiveCfg = Release|Any CPU
		{DF8ABA03-35B0-49F8-8802-003F0E6E8288}.Release|x64.Build.0 = Release|Any CPU
		{DF8ABA03-35B0-49F8-8802-003F0E6E8288}.Release|x64.Deploy.0 = Release|Any CPU
		{DF8ABA03-35B0-49F8-8802-003F0E6E8288}.Release|x86.ActiveCfg = Release|Any CPU
		{DF8ABA03-35B0-49F8-8802-003F0E6E8288}.Release|x86.Build.0 = Release|Any CPU
		{DF8ABA03-35B0-49F8-8802-003F0E6E8288}.Release|x86.Deploy.0 = Release|Any CPU
		{B8C7D8C3-5B41-4618-89A3-3C7F81996119}.Ad-Hoc|Any CPU.ActiveCfg = Release|iPhone
		{B8C7D8C3-5B41-4618-89A3-3C7F81996119}.Ad-Hoc|Any CPU.Build.0 = Release|iPhone
		{B8C7D8C3-5B41-4618-89A3-3C7F81996119}.Ad-Hoc|ARM.ActiveCfg = Release|iPhone
		{B8C7D8C3-5B41-4618-89A3-3C7F81996119}.Ad-Hoc|ARM.Build.0 = Release|iPhone
		{B8C7D8C3-5B41-4618-89A3-3C7F81996119}.Ad-Hoc|iPhone.ActiveCfg = Release|iPhone
		{B8C7D8C3-5B41-4618-89A3-3C7F81996119}.Ad-Hoc|iPhone.Build.0 = Release|iPhone
		{B8C7D8C3-5B41-4618-89A3-3C7F81996119}.Ad-Hoc|iPhoneSimulator.ActiveCfg = Release|iPhoneSimulator
		{B8C7D8C3-5B41-4618-89A3-3C7F81996119}.Ad-Hoc|iPhoneSimulator.Build.0 = Release|iPhoneSimulator
		{B8C7D8C3-5B41-4618-89A3-3C7F81996119}.Ad-Hoc|x64.ActiveCfg = Release|iPhone
		{B8C7D8C3-5B41-4618-89A3-3C7F81996119}.Ad-Hoc|x64.Build.0 = Release|iPhone
		{B8C7D8C3-5B41-4618-89A3-3C7F81996119}.Ad-Hoc|x86.ActiveCfg = Release|iPhone
		{B8C7D8C3-5B41-4618-89A3-3C7F81996119}.Ad-Hoc|x86.Build.0 = Release|iPhone
		{B8C7D8C3-5B41-4618-89A3-3C7F81996119}.AppStore|Any CPU.ActiveCfg = Release|iPhone
		{B8C7D8C3-5B41-4618-89A3-3C7F81996119}.AppStore|Any CPU.Build.0 = Release|iPhone
		{B8C7D8C3-5B41-4618-89A3-3C7F81996119}.AppStore|ARM.ActiveCfg = Release|iPhone
		{B8C7D8C3-5B41-4618-89A3-3C7F81996119}.AppStore|ARM.Build.0 = Release|iPhone
		{B8C7D8C3-5B41-4618-89A3-3C7F81996119}.AppStore|iPhone.ActiveCfg = Release|iPhone
		{B8C7D8C3-5B41-4618-89A3-3C7F81996119}.AppStore|iPhone.Build.0 = Release|iPhone
		{B8C7D8C3-5B41-4618-89A3-3C7F81996119}.AppStore|iPhoneSimulator.ActiveCfg = Release|iPhoneSimulator
		{B8C7D8C3-5B41-4618-89A3-3C7F81996119}.AppStore|iPhoneSimulator.Build.0 = Release|iPhoneSimulator
		{B8C7D8C3-5B41-4618-89A3-3C7F81996119}.AppStore|x64.ActiveCfg = Release|iPhone
		{B8C7D8C3-5B41-4618-89A3-3C7F81996119}.AppStore|x64.Build.0 = Release|iPhone
		{B8C7D8C3-5B41-4618-89A3-3C7F81996119}.AppStore|x86.ActiveCfg = Release|iPhone
		{B8C7D8C3-5B41-4618-89A3-3C7F81996119}.AppStore|x86.Build.0 = Release|iPhone
		{B8C7D8C3-5B41-4618-89A3-3C7F81996119}.Debug|Any CPU.ActiveCfg = Debug|iPhone
		{B8C7D8C3-5B41-4618-89A3-3C7F81996119}.Debug|ARM.ActiveCfg = Debug|iPhone
		{B8C7D8C3-5B41-4618-89A3-3C7F81996119}.Debug|iPhone.ActiveCfg = Debug|iPhone
		{B8C7D8C3-5B41-4618-89A3-3C7F81996119}.Debug|iPhone.Build.0 = Debug|iPhone
		{B8C7D8C3-5B41-4618-89A3-3C7F81996119}.Debug|iPhoneSimulator.ActiveCfg = Debug|iPhoneSimulator
		{B8C7D8C3-5B41-4618-89A3-3C7F81996119}.Debug|iPhoneSimulator.Build.0 = Debug|iPhoneSimulator
		{B8C7D8C3-5B41-4618-89A3-3C7F81996119}.Debug|x64.ActiveCfg = Debug|iPhone
		{B8C7D8C3-5B41-4618-89A3-3C7F81996119}.Debug|x86.ActiveCfg = Debug|iPhone
		{B8C7D8C3-5B41-4618-89A3-3C7F81996119}.Release|Any CPU.ActiveCfg = Release|iPhone
		{B8C7D8C3-5B41-4618-89A3-3C7F81996119}.Release|ARM.ActiveCfg = Release|iPhone
		{B8C7D8C3-5B41-4618-89A3-3C7F81996119}.Release|iPhone.ActiveCfg = Release|iPhone
		{B8C7D8C3-5B41-4618-89A3-3C7F81996119}.Release|iPhone.Build.0 = Release|iPhone
		{B8C7D8C3-5B41-4618-89A3-3C7F81996119}.Release|iPhoneSimulator.ActiveCfg = Release|iPhoneSimulator
		{B8C7D8C3-5B41-4618-89A3-3C7F81996119}.Release|iPhoneSimulator.Build.0 = Release|iPhoneSimulator
		{B8C7D8C3-5B41-4618-89A3-3C7F81996119}.Release|x64.ActiveCfg = Release|iPhone
		{B8C7D8C3-5B41-4618-89A3-3C7F81996119}.Release|x86.ActiveCfg = Release|iPhone
		{6C10E9F1-24AD-4702-9F84-8F98103B9889}.Ad-Hoc|Any CPU.ActiveCfg = Release|Any CPU
		{6C10E9F1-24AD-4702-9F84-8F98103B9889}.Ad-Hoc|Any CPU.Build.0 = Release|Any CPU
		{6C10E9F1-24AD-4702-9F84-8F98103B9889}.Ad-Hoc|ARM.ActiveCfg = Release|Any CPU
		{6C10E9F1-24AD-4702-9F84-8F98103B9889}.Ad-Hoc|ARM.Build.0 = Release|Any CPU
		{6C10E9F1-24AD-4702-9F84-8F98103B9889}.Ad-Hoc|iPhone.ActiveCfg = Release|Any CPU
		{6C10E9F1-24AD-4702-9F84-8F98103B9889}.Ad-Hoc|iPhone.Build.0 = Release|Any CPU
		{6C10E9F1-24AD-4702-9F84-8F98103B9889}.Ad-Hoc|iPhoneSimulator.ActiveCfg = Release|Any CPU
		{6C10E9F1-24AD-4702-9F84-8F98103B9889}.Ad-Hoc|iPhoneSimulator.Build.0 = Release|Any CPU
		{6C10E9F1-24AD-4702-9F84-8F98103B9889}.Ad-Hoc|x64.ActiveCfg = Release|Any CPU
		{6C10E9F1-24AD-4702-9F84-8F98103B9889}.Ad-Hoc|x64.Build.0 = Release|Any CPU
		{6C10E9F1-24AD-4702-9F84-8F98103B9889}.Ad-Hoc|x86.ActiveCfg = Release|Any CPU
		{6C10E9F1-24AD-4702-9F84-8F98103B9889}.Ad-Hoc|x86.Build.0 = Release|Any CPU
		{6C10E9F1-24AD-4702-9F84-8F98103B9889}.AppStore|Any CPU.ActiveCfg = Release|Any CPU
		{6C10E9F1-24AD-4702-9F84-8F98103B9889}.AppStore|Any CPU.Build.0 = Release|Any CPU
		{6C10E9F1-24AD-4702-9F84-8F98103B9889}.AppStore|ARM.ActiveCfg = Release|Any CPU
		{6C10E9F1-24AD-4702-9F84-8F98103B9889}.AppStore|ARM.Build.0 = Release|Any CPU
		{6C10E9F1-24AD-4702-9F84-8F98103B9889}.AppStore|iPhone.ActiveCfg = Release|Any CPU
		{6C10E9F1-24AD-4702-9F84-8F98103B9889}.AppStore|iPhone.Build.0 = Release|Any CPU
		{6C10E9F1-24AD-4702-9F84-8F98103B9889}.AppStore|iPhoneSimulator.ActiveCfg = Release|Any CPU
		{6C10E9F1-24AD-4702-9F84-8F98103B9889}.AppStore|iPhoneSimulator.Build.0 = Release|Any CPU
		{6C10E9F1-24AD-4702-9F84-8F98103B9889}.AppStore|x64.ActiveCfg = Release|Any CPU
		{6C10E9F1-24AD-4702-9F84-8F98103B9889}.AppStore|x64.Build.0 = Release|Any CPU
		{6C10E9F1-24AD-4702-9F84-8F98103B9889}.AppStore|x86.ActiveCfg = Release|Any CPU
		{6C10E9F1-24AD-4702-9F84-8F98103B9889}.AppStore|x86.Build.0 = Release|Any CPU
		{6C10E9F1-24AD-4702-9F84-8F98103B9889}.Debug|Any CPU.ActiveCfg = Debug|Any CPU
		{6C10E9F1-24AD-4702-9F84-8F98103B9889}.Debug|Any CPU.Build.0 = Debug|Any CPU
		{6C10E9F1-24AD-4702-9F84-8F98103B9889}.Debug|ARM.ActiveCfg = Debug|Any CPU
		{6C10E9F1-24AD-4702-9F84-8F98103B9889}.Debug|ARM.Build.0 = Debug|Any CPU
		{6C10E9F1-24AD-4702-9F84-8F98103B9889}.Debug|iPhone.ActiveCfg = Debug|Any CPU
		{6C10E9F1-24AD-4702-9F84-8F98103B9889}.Debug|iPhone.Build.0 = Debug|Any CPU
		{6C10E9F1-24AD-4702-9F84-8F98103B9889}.Debug|iPhoneSimulator.ActiveCfg = Debug|Any CPU
		{6C10E9F1-24AD-4702-9F84-8F98103B9889}.Debug|iPhoneSimulator.Build.0 = Debug|Any CPU
		{6C10E9F1-24AD-4702-9F84-8F98103B9889}.Debug|x64.ActiveCfg = Debug|Any CPU
		{6C10E9F1-24AD-4702-9F84-8F98103B9889}.Debug|x64.Build.0 = Debug|Any CPU
		{6C10E9F1-24AD-4702-9F84-8F98103B9889}.Debug|x86.ActiveCfg = Debug|Any CPU
		{6C10E9F1-24AD-4702-9F84-8F98103B9889}.Debug|x86.Build.0 = Debug|Any CPU
		{6C10E9F1-24AD-4702-9F84-8F98103B9889}.Release|Any CPU.ActiveCfg = Release|Any CPU
		{6C10E9F1-24AD-4702-9F84-8F98103B9889}.Release|Any CPU.Build.0 = Release|Any CPU
		{6C10E9F1-24AD-4702-9F84-8F98103B9889}.Release|ARM.ActiveCfg = Release|Any CPU
		{6C10E9F1-24AD-4702-9F84-8F98103B9889}.Release|ARM.Build.0 = Release|Any CPU
		{6C10E9F1-24AD-4702-9F84-8F98103B9889}.Release|iPhone.ActiveCfg = Release|Any CPU
		{6C10E9F1-24AD-4702-9F84-8F98103B9889}.Release|iPhone.Build.0 = Release|Any CPU
		{6C10E9F1-24AD-4702-9F84-8F98103B9889}.Release|iPhoneSimulator.ActiveCfg = Release|Any CPU
		{6C10E9F1-24AD-4702-9F84-8F98103B9889}.Release|iPhoneSimulator.Build.0 = Release|Any CPU
		{6C10E9F1-24AD-4702-9F84-8F98103B9889}.Release|x64.ActiveCfg = Release|Any CPU
		{6C10E9F1-24AD-4702-9F84-8F98103B9889}.Release|x64.Build.0 = Release|Any CPU
		{6C10E9F1-24AD-4702-9F84-8F98103B9889}.Release|x86.ActiveCfg = Release|Any CPU
		{6C10E9F1-24AD-4702-9F84-8F98103B9889}.Release|x86.Build.0 = Release|Any CPU
	EndGlobalSection
	GlobalSection(SolutionProperties) = preSolution
		HideSolutionNode = FALSE
	EndGlobalSection
	GlobalSection(NestedProjects) = preSolution
		{66505809-1834-4588-891D-BA8ADA03BAD1} = {8C90BF05-2712-4482-8F47-2E3CA3D29BEF}
		{4A2C5AD4-AB80-4411-83DF-DFDAF7721B9C} = {8C90BF05-2712-4482-8F47-2E3CA3D29BEF}
		{865B2939-02C6-479F-AC45-F8C95C74732F} = {66505809-1834-4588-891D-BA8ADA03BAD1}
		{062BEF32-5314-4D74-9709-353AC0EA5B63} = {66505809-1834-4588-891D-BA8ADA03BAD1}
		{2A74CBFE-50EA-4E07-ADF0-B78BE9C4314A} = {66505809-1834-4588-891D-BA8ADA03BAD1}
		{DF8ABA03-35B0-49F8-8802-003F0E6E8288} = {4A2C5AD4-AB80-4411-83DF-DFDAF7721B9C}
		{B8C7D8C3-5B41-4618-89A3-3C7F81996119} = {4A2C5AD4-AB80-4411-83DF-DFDAF7721B9C}
		{6C10E9F1-24AD-4702-9F84-8F98103B9889} = {4A2C5AD4-AB80-4411-83DF-DFDAF7721B9C}
	EndGlobalSection
	GlobalSection(ExtensibilityGlobals) = postSolution
		SolutionGuid = {F8FC91DB-288B-498B-A6A0-47DC3C6E4D85}
	EndGlobalSection
EndGlobal
